
Microsoft Visual Studio Solution File, Format Version 12.00
# Visual Studio 15
VisualStudioVersion = 15.0.27004.2009
MinimumVisualStudioVersion = 10.0.40219.1
Project("{8BC9CEB8-8B4A-11D0-8D11-00A0C91BC942}") = "demo", "demo\demo.vcxproj", "{FFF9A853-41FD-48FB-8273-432B6F350B24}"
EndProject
Global
	GlobalSection(SolutionConfigurationPlatforms) = preSolution
		Debug|x64 = Debug|x64
		Debug|x86 = Debug|x86
		Release|x64 = Release|x64
		Release|x86 = Release|x86
	EndGlobalSection
	GlobalSection(ProjectConfigurationPlatforms) = postSolution
		{FFF9A853-41FD-48FB-8273-432B6F350B24}.Debug|x64.ActiveCfg = Debug|x64
		{FFF9A853-41FD-48FB-8273-432B6F350B24}.Debug|x64.Build.0 = Debug|x64
		{FFF9A853-41FD-48FB-8273-432B6F350B24}.Debug|x86.ActiveCfg = Debug|x64
		{FFF9A853-41FD-48FB-8273-432B6F350B24}.Debug|x86.Build.0 = Debug|x64
		{FFF9A853-41FD-48FB-8273-432B6F350B24}.Release|x64.ActiveCfg = Release|x64
		{FFF9A853-41FD-48FB-8273-432B6F350B24}.Release|x64.Build.0 = Release|x64
		{FFF9A853-41FD-48FB-8273-432B6F350B24}.Release|x86.ActiveCfg = Release|Win32
		{FFF9A853-41FD-48FB-8273-432B6F350B24}.Release|x86.Build.0 = Release|Win32
	EndGlobalSection
	GlobalSection(SolutionProperties) = preSolution
		HideSolutionNode = FALSE
	EndGlobalSection
	GlobalSection(ExtensibilityGlobals) = postSolution
		SolutionGuid = {9CE641A9-BFB1-4F3C-98E9-60626B112451}
	EndGlobalSection
EndGlobal
